
Microsoft Visual Studio Solution File, Format Version 12.00
# Visual Studio Version 17
VisualStudioVersion = 17.0.31903.59
MinimumVisualStudioVersion = 10.0.40219.1
Project("{2150E333-8FDC-42A3-9474-1A3956D46DE8}") = "test", "test", "{59C78098-E60C-4C5B-9674-43C93D2F36B8}"
EndProject
Project("{FAE04EC0-301F-11D3-BF4B-00C04F79EFBC}") = "WebApi.Tests", "test\WebApi.Tests\WebApi.Tests.csproj", "{7F65A87F-C9DF-4E9B-A23A-54254629A232}"
EndProject
Project("{2150E333-8FDC-42A3-9474-1A3956D46DE8}") = "src", "src", "{4E51E157-EDD0-44AC-B3F2-09D4CA606A60}"
EndProject
Project("{FAE04EC0-301F-11D3-BF4B-00C04F79EFBC}") = "WebApi", "src\WebApi\WebApi.csproj", "{46C05596-F99B-41BC-ADFA-189A2E5C641E}"
EndProject
Global
	GlobalSection(SolutionProperties) = preSolution
		HideSolutionNode = FALSE
	EndGlobalSection
	GlobalSection(SolutionConfigurationPlatforms) = preSolution
		Debug|Any CPU = Debug|Any CPU
		Debug|x64 = Debug|x64
		Debug|x86 = Debug|x86
		Release|Any CPU = Release|Any CPU
		Release|x64 = Release|x64
		Release|x86 = Release|x86
	EndGlobalSection
	GlobalSection(ProjectConfigurationPlatforms) = postSolution
		{7F65A87F-C9DF-4E9B-A23A-54254629A232}.Debug|Any CPU.ActiveCfg = Debug|Any CPU
		{7F65A87F-C9DF-4E9B-A23A-54254629A232}.Debug|Any CPU.Build.0 = Debug|Any CPU
		{7F65A87F-C9DF-4E9B-A23A-54254629A232}.Debug|x64.ActiveCfg = Debug|Any CPU
		{7F65A87F-C9DF-4E9B-A23A-54254629A232}.Debug|x64.Build.0 = Debug|Any CPU
		{7F65A87F-C9DF-4E9B-A23A-54254629A232}.Debug|x86.ActiveCfg = Debug|Any CPU
		{7F65A87F-C9DF-4E9B-A23A-54254629A232}.Debug|x86.Build.0 = Debug|Any CPU
		{7F65A87F-C9DF-4E9B-A23A-54254629A232}.Release|Any CPU.ActiveCfg = Release|Any CPU
		{7F65A87F-C9DF-4E9B-A23A-54254629A232}.Release|Any CPU.Build.0 = Release|Any CPU
		{7F65A87F-C9DF-4E9B-A23A-54254629A232}.Release|x64.ActiveCfg = Release|Any CPU
		{7F65A87F-C9DF-4E9B-A23A-54254629A232}.Release|x64.Build.0 = Release|Any CPU
		{7F65A87F-C9DF-4E9B-A23A-54254629A232}.Release|x86.ActiveCfg = Release|Any CPU
		{7F65A87F-C9DF-4E9B-A23A-54254629A232}.Release|x86.Build.0 = Release|Any CPU
		{46C05596-F99B-41BC-ADFA-189A2E5C641E}.Debug|Any CPU.ActiveCfg = Debug|Any CPU
		{46C05596-F99B-41BC-ADFA-189A2E5C641E}.Debug|Any CPU.Build.0 = Debug|Any CPU
		{46C05596-F99B-41BC-ADFA-189A2E5C641E}.Debug|x64.ActiveCfg = Debug|Any CPU
		{46C05596-F99B-41BC-ADFA-189A2E5C641E}.Debug|x64.Build.0 = Debug|Any CPU
		{46C05596-F99B-41BC-ADFA-189A2E5C641E}.Debug|x86.ActiveCfg = Debug|Any CPU
		{46C05596-F99B-41BC-ADFA-189A2E5C641E}.Debug|x86.Build.0 = Debug|Any CPU
		{46C05596-F99B-41BC-ADFA-189A2E5C641E}.Release|Any CPU.ActiveCfg = Release|Any CPU
		{46C05596-F99B-41BC-ADFA-189A2E5C641E}.Release|Any CPU.Build.0 = Release|Any CPU
		{46C05596-F99B-41BC-ADFA-189A2E5C641E}.Release|x64.ActiveCfg = Release|Any CPU
		{46C05596-F99B-41BC-ADFA-189A2E5C641E}.Release|x64.Build.0 = Release|Any CPU
		{46C05596-F99B-41BC-ADFA-189A2E5C641E}.Release|x86.ActiveCfg = Release|Any CPU
		{46C05596-F99B-41BC-ADFA-189A2E5C641E}.Release|x86.Build.0 = Release|Any CPU
	EndGlobalSection
	GlobalSection(NestedProjects) = preSolution
		{7F65A87F-C9DF-4E9B-A23A-54254629A232} = {59C78098-E60C-4C5B-9674-43C93D2F36B8}
		{46C05596-F99B-41BC-ADFA-189A2E5C641E} = {4E51E157-EDD0-44AC-B3F2-09D4CA606A60}
	EndGlobalSection
EndGlobal
